
Microsoft Visual Studio Solution File, Format Version 12.00
# Visual Studio Version 17
VisualStudioVersion = 17.10.35027.167
MinimumVisualStudioVersion = 10.0.40219.1
Project("{FAE04EC0-301F-11D3-BF4B-00C04F79EFBC}") = "MonitoringAppAPI", "MonitoringAppAPI\MonitoringAppAPI.csproj", "{6B3FBBD5-3C5E-45E6-B6E4-093248232E1A}"
EndProject
Global
	GlobalSection(SolutionConfigurationPlatforms) = preSolution
		Debug|Any CPU = Debug|Any CPU
		Release|Any CPU = Release|Any CPU
	EndGlobalSection
	GlobalSection(ProjectConfigurationPlatforms) = postSolution
		{6B3FBBD5-3C5E-45E6-B6E4-093248232E1A}.Debug|Any CPU.ActiveCfg = Debug|Any CPU
		{6B3FBBD5-3C5E-45E6-B6E4-093248232E1A}.Debug|Any CPU.Build.0 = Debug|Any CPU
		{6B3FBBD5-3C5E-45E6-B6E4-093248232E1A}.Release|Any CPU.ActiveCfg = Release|Any CPU
		{6B3FBBD5-3C5E-45E6-B6E4-093248232E1A}.Release|Any CPU.Build.0 = Release|Any CPU
	EndGlobalSection
	GlobalSection(SolutionProperties) = preSolution
		HideSolutionNode = FALSE
	EndGlobalSection
	GlobalSection(ExtensibilityGlobals) = postSolution
		SolutionGuid = {308F4A3D-924D-413E-8C21-B929CF72AF1F}
	EndGlobalSection
EndGlobal
